%{
  "fun_with_flags": {:hex, :fun_with_flags, "1.12.0", "8036ad262ae4321d160e36c4db13c8cadf1890121d74c4f5852ab0de0ac3ad2b", [:mix], [{:ecto_sql, "~> 3.0", [hex: :ecto_sql, repo: "hexpm", optional: true]}, {:phoenix_pubsub, "~> 2.0", [hex: :phoenix_pubsub, repo: "hexpm", optional: true]}, {:redix, "~> 1.0", [hex: :redix, repo: "hexpm", optional: true]}], "hexpm", "9ed303bee60687f7a07dde2c036d3e8905771001ebd77790543ba5655a5f9066"},
}
